// !$*UTF8*$!
{
	archiveVersion = 1;
	classes = {
	};
	objectVersion = 56;
	objects = {

/* Begin PBXBuildFile section */
		9E200A0329401D37008D2934 /* LostAndFoundApp.swift in Sources */ = {isa = PBXBuildFile; fileRef = 9E200A0229401D37008D2934 /* LostAndFoundApp.swift */; };
		9E200A0529401D37008D2934 /* LoginView.swift in Sources */ = {isa = PBXBuildFile; fileRef = 9E200A0429401D37008D2934 /* LoginView.swift */; };
		9E200A0729401D38008D2934 /* Assets.xcassets in Resources */ = {isa = PBXBuildFile; fileRef = 9E200A0629401D38008D2934 /* Assets.xcassets */; };
		9E200A0A29401D38008D2934 /* Preview Assets.xcassets in Resources */ = {isa = PBXBuildFile; fileRef = 9E200A0929401D38008D2934 /* Preview Assets.xcassets */; };
		9E200A1429402570008D2934 /* HomeView.swift in Sources */ = {isa = PBXBuildFile; fileRef = 9E200A1129402570008D2934 /* HomeView.swift */; };
		9E200A1529402570008D2934 /* MailView.swift in Sources */ = {isa = PBXBuildFile; fileRef = 9E200A1229402570008D2934 /* MailView.swift */; };
		9E200A1829402878008D2934 /* ListView.swift in Sources */ = {isa = PBXBuildFile; fileRef = 9E200A1729402878008D2934 /* ListView.swift */; };
		9E6DD35929424E5F0041DA16 /* Post.swift in Sources */ = {isa = PBXBuildFile; fileRef = 9E6DD35829424E5E0041DA16 /* Post.swift */; };
		9E6DD35B294250410041DA16 /* NewPostView.swift in Sources */ = {isa = PBXBuildFile; fileRef = 9E6DD35A294250410041DA16 /* NewPostView.swift */; };
		9E6DD35D294258CD0041DA16 /* NewPostViewModel.swift in Sources */ = {isa = PBXBuildFile; fileRef = 9E6DD35C294258CD0041DA16 /* NewPostViewModel.swift */; };
		9EA7809A29418E2F00D49E50 /* FirebaseAuth in Frameworks */ = {isa = PBXBuildFile; productRef = 9EA7809929418E2F00D49E50 /* FirebaseAuth */; };
		9EA7809C29418E2F00D49E50 /* FirebaseFirestore in Frameworks */ = {isa = PBXBuildFile; productRef = 9EA7809B29418E2F00D49E50 /* FirebaseFirestore */; };
		9EA7809E29418E2F00D49E50 /* FirebaseFirestoreSwift in Frameworks */ = {isa = PBXBuildFile; productRef = 9EA7809D29418E2F00D49E50 /* FirebaseFirestoreSwift */; };
		9EA780A029418E2F00D49E50 /* FirebaseStorage in Frameworks */ = {isa = PBXBuildFile; productRef = 9EA7809F29418E2F00D49E50 /* FirebaseStorage */; };
		9EA780A229418FB200D49E50 /* GoogleService-Info.plist in Resources */ = {isa = PBXBuildFile; fileRef = 9EA780A129418FB000D49E50 /* GoogleService-Info.plist */; };
		9EBEAB392942E6AE006F256E /* PublishedPostView.swift in Sources */ = {isa = PBXBuildFile; fileRef = 9EBEAB382942E6AE006F256E /* PublishedPostView.swift */; };
/* End PBXBuildFile section */

/* Begin PBXFileReference section */
		9E2009FF29401D37008D2934 /* LostAndFound.app */ = {isa = PBXFileReference; explicitFileType = wrapper.application; includeInIndex = 0; path = LostAndFound.app; sourceTree = BUILT_PRODUCTS_DIR; };
		9E200A0229401D37008D2934 /* LostAndFoundApp.swift */ = {isa = PBXFileReference; lastKnownFileType = sourcecode.swift; path = LostAndFoundApp.swift; sourceTree = "<group>"; };
		9E200A0429401D37008D2934 /* LoginView.swift */ = {isa = PBXFileReference; lastKnownFileType = sourcecode.swift; path = LoginView.swift; sourceTree = "<group>"; };
		9E200A0629401D38008D2934 /* Assets.xcassets */ = {isa = PBXFileReference; lastKnownFileType = folder.assetcatalog; path = Assets.xcassets; sourceTree = "<group>"; };
		9E200A0929401D38008D2934 /* Preview Assets.xcassets */ = {isa = PBXFileReference; lastKnownFileType = folder.assetcatalog; path = "Preview Assets.xcassets"; sourceTree = "<group>"; };
		9E200A1129402570008D2934 /* HomeView.swift */ = {isa = PBXFileReference; fileEncoding = 4; lastKnownFileType = sourcecode.swift; path = HomeView.swift; sourceTree = "<group>"; };
		9E200A1229402570008D2934 /* MailView.swift */ = {isa = PBXFileReference; fileEncoding = 4; lastKnownFileType = sourcecode.swift; path = MailView.swift; sourceTree = "<group>"; };
		9E200A1729402878008D2934 /* ListView.swift */ = {isa = PBXFileReference; lastKnownFileType = sourcecode.swift; path = ListView.swift; sourceTree = "<group>"; };
		9E6DD35829424E5E0041DA16 /* Post.swift */ = {isa = PBXFileReference; lastKnownFileType = sourcecode.swift; path = Post.swift; sourceTree = "<group>"; };
		9E6DD35A294250410041DA16 /* NewPostView.swift */ = {isa = PBXFileReference; lastKnownFileType = sourcecode.swift; path = NewPostView.swift; sourceTree = "<group>"; };
		9E6DD35C294258CD0041DA16 /* NewPostViewModel.swift */ = {isa = PBXFileReference; lastKnownFileType = sourcecode.swift; path = NewPostViewModel.swift; sourceTree = "<group>"; };
		9EA7809729418C7B00D49E50 /* Info.plist */ = {isa = PBXFileReference; lastKnownFileType = text.plist; path = Info.plist; sourceTree = "<group>"; };
		9EA780A129418FB000D49E50 /* GoogleService-Info.plist */ = {isa = PBXFileReference; lastKnownFileType = text.plist; path = "GoogleService-Info.plist"; sourceTree = SOURCE_ROOT; };
		9EBEAB382942E6AE006F256E /* PublishedPostView.swift */ = {isa = PBXFileReference; lastKnownFileType = sourcecode.swift; path = PublishedPostView.swift; sourceTree = "<group>"; };
/* End PBXFileReference section */

/* Begin PBXFrameworksBuildPhase section */
		9E2009FC29401D37008D2934 /* Frameworks */ = {
			isa = PBXFrameworksBuildPhase;
			buildActionMask = 2147483647;
			files = (
				9EA7809A29418E2F00D49E50 /* FirebaseAuth in Frameworks */,
				9EA780A029418E2F00D49E50 /* FirebaseStorage in Frameworks */,
				9EA7809C29418E2F00D49E50 /* FirebaseFirestore in Frameworks */,
				9EA7809E29418E2F00D49E50 /* FirebaseFirestoreSwift in Frameworks */,
			);
			runOnlyForDeploymentPostprocessing = 0;
		};
/* End PBXFrameworksBuildPhase section */

/* Begin PBXGroup section */
		9E2009F629401D37008D2934 = {
			isa = PBXGroup;
			children = (
				9E200A0129401D37008D2934 /* LostAndFound */,
				9E200A0029401D37008D2934 /* Products */,
			);
			sourceTree = "<group>";
		};
		9E200A0029401D37008D2934 /* Products */ = {
			isa = PBXGroup;
			children = (
				9E2009FF29401D37008D2934 /* LostAndFound.app */,
			);
			name = Products;
			sourceTree = "<group>";
		};
		9E200A0129401D37008D2934 /* LostAndFound */ = {
			isa = PBXGroup;
			children = (
				9EA7809729418C7B00D49E50 /* Info.plist */,
				9E200A0229401D37008D2934 /* LostAndFoundApp.swift */,
				9E6DD35829424E5E0041DA16 /* Post.swift */,
				9E6DD35C294258CD0041DA16 /* NewPostViewModel.swift */,
				9E200A0429401D37008D2934 /* LoginView.swift */,
				9E200A1729402878008D2934 /* ListView.swift */,
				9EBEAB382942E6AE006F256E /* PublishedPostView.swift */,
				9E6DD35A294250410041DA16 /* NewPostView.swift */,
				9E200A162940277E008D2934 /* Sending Email */,
				9E200A0629401D38008D2934 /* Assets.xcassets */,
				9EA780A129418FB000D49E50 /* GoogleService-Info.plist */,
				9E200A0829401D38008D2934 /* Preview Content */,
			);
			path = LostAndFound;
			sourceTree = "<group>";
		};
		9E200A0829401D38008D2934 /* Preview Content */ = {
			isa = PBXGroup;
			children = (
				9E200A0929401D38008D2934 /* Preview Assets.xcassets */,
			);
			path = "Preview Content";
			sourceTree = "<group>";
		};
		9E200A162940277E008D2934 /* Sending Email */ = {
			isa = PBXGroup;
			children = (
				9E200A1129402570008D2934 /* HomeView.swift */,
				9E200A1229402570008D2934 /* MailView.swift */,
			);
			path = "Sending Email";
			sourceTree = "<group>";
		};
/* End PBXGroup section */

/* Begin PBXNativeTarget section */
		9E2009FE29401D37008D2934 /* LostAndFound */ = {
			isa = PBXNativeTarget;
			buildConfigurationList = 9E200A0D29401D38008D2934 /* Build configuration list for PBXNativeTarget "LostAndFound" */;
			buildPhases = (
				9E2009FB29401D37008D2934 /* Sources */,
				9E2009FC29401D37008D2934 /* Frameworks */,
				9E2009FD29401D37008D2934 /* Resources */,
			);
			buildRules = (
			);
			dependencies = (
			);
			name = LostAndFound;
			packageProductDependencies = (
				9EA7809929418E2F00D49E50 /* FirebaseAuth */,
				9EA7809B29418E2F00D49E50 /* FirebaseFirestore */,
				9EA7809D29418E2F00D49E50 /* FirebaseFirestoreSwift */,
				9EA7809F29418E2F00D49E50 /* FirebaseStorage */,
			);
			productName = LostAndFound;
			productReference = 9E2009FF29401D37008D2934 /* LostAndFound.app */;
			productType = "com.apple.product-type.application";
		};
/* End PBXNativeTarget section */

/* Begin PBXProject section */
		9E2009F729401D37008D2934 /* Project object */ = {
			isa = PBXProject;
			attributes = {
				BuildIndependentTargetsInParallel = 1;
				LastSwiftUpdateCheck = 1400;
				LastUpgradeCheck = 1400;
				TargetAttributes = {
					9E2009FE29401D37008D2934 = {
						CreatedOnToolsVersion = 14.0;
					};
				};
			};
			buildConfigurationList = 9E2009FA29401D37008D2934 /* Build configuration list for PBXProject "LostAndFound" */;
			compatibilityVersion = "Xcode 14.0";
			developmentRegion = en;
			hasScannedForEncodings = 0;
			knownRegions = (
				en,
				Base,
			);
			mainGroup = 9E2009F629401D37008D2934;
			packageReferences = (
				9EA7809829418E2F00D49E50 /* XCRemoteSwiftPackageReference "firebase-ios-sdk" */,
			);
			productRefGroup = 9E200A0029401D37008D2934 /* Products */;
			projectDirPath = "";
			projectRoot = "";
			targets = (
				9E2009FE29401D37008D2934 /* LostAndFound */,
			);
		};
/* End PBXProject section */

/* Begin PBXResourcesBuildPhase section */
		9E2009FD29401D37008D2934 /* Resources */ = {
			isa = PBXResourcesBuildPhase;
			buildActionMask = 2147483647;
			files = (
				9E200A0A29401D38008D2934 /* Preview Assets.xcassets in Resources */,
				9E200A0729401D38008D2934 /* Assets.xcassets in Resources */,
				9EA780A229418FB200D49E50 /* GoogleService-Info.plist in Resources */,
			);
			runOnlyForDeploymentPostprocessing = 0;
		};
/* End PBXResourcesBuildPhase section */

/* Begin PBXSourcesBuildPhase section */
		9E2009FB29401D37008D2934 /* Sources */ = {
			isa = PBXSourcesBuildPhase;
			buildActionMask = 2147483647;
			files = (
				9E200A0529401D37008D2934 /* LoginView.swift in Sources */,
				9E200A1829402878008D2934 /* ListView.swift in Sources */,
				9E200A1429402570008D2934 /* HomeView.swift in Sources */,
				9EBEAB392942E6AE006F256E /* PublishedPostView.swift in Sources */,
				9E6DD35B294250410041DA16 /* NewPostView.swift in Sources */,
				9E6DD35929424E5F0041DA16 /* Post.swift in Sources */,
				9E6DD35D294258CD0041DA16 /* NewPostViewModel.swift in Sources */,
				9E200A0329401D37008D2934 /* LostAndFoundApp.swift in Sources */,
				9E200A1529402570008D2934 /* MailView.swift in Sources */,
			);
			runOnlyForDeploymentPostprocessing = 0;
		};
/* End PBXSourcesBuildPhase section */

/* Begin XCBuildConfiguration section */
		9E200A0B29401D38008D2934 /* Debug */ = {
			isa = XCBuildConfiguration;
			buildSettings = {
				ALWAYS_SEARCH_USER_PATHS = NO;
				CLANG_ANALYZER_NONNULL = YES;
				CLANG_ANALYZER_NUMBER_OBJECT_CONVERSION = YES_AGGRESSIVE;
				CLANG_CXX_LANGUAGE_STANDARD = "gnu++20";
				CLANG_ENABLE_MODULES = YES;
				CLANG_ENABLE_OBJC_ARC = YES;
				CLANG_ENABLE_OBJC_WEAK = YES;
				CLANG_WARN_BLOCK_CAPTURE_AUTORELEASING = YES;
				CLANG_WARN_BOOL_CONVERSION = YES;
				CLANG_WARN_COMMA = YES;
				CLANG_WARN_CONSTANT_CONVERSION = YES;
				CLANG_WARN_DEPRECATED_OBJC_IMPLEMENTATIONS = YES;
				CLANG_WARN_DIRECT_OBJC_ISA_USAGE = YES_ERROR;
				CLANG_WARN_DOCUMENTATION_COMMENTS = YES;
				CLANG_WARN_EMPTY_BODY = YES;
				CLANG_WARN_ENUM_CONVERSION = YES;
				CLANG_WARN_INFINITE_RECURSION = YES;
				CLANG_WARN_INT_CONVERSION = YES;
				CLANG_WARN_NON_LITERAL_NULL_CONVERSION = YES;
				CLANG_WARN_OBJC_IMPLICIT_RETAIN_SELF = YES;
				CLANG_WARN_OBJC_LITERAL_CONVERSION = YES;
				CLANG_WARN_OBJC_ROOT_CLASS = YES_ERROR;
				CLANG_WARN_QUOTED_INCLUDE_IN_FRAMEWORK_HEADER = YES;
				CLANG_WARN_RANGE_LOOP_ANALYSIS = YES;
				CLANG_WARN_STRICT_PROTOTYPES = YES;
				CLANG_WARN_SUSPICIOUS_MOVE = YES;
				CLANG_WARN_UNGUARDED_AVAILABILITY = YES_AGGRESSIVE;
				CLANG_WARN_UNREACHABLE_CODE = YES;
				CLANG_WARN__DUPLICATE_METHOD_MATCH = YES;
				COPY_PHASE_STRIP = NO;
				DEBUG_INFORMATION_FORMAT = dwarf;
				ENABLE_STRICT_OBJC_MSGSEND = YES;
				ENABLE_TESTABILITY = YES;
				GCC_C_LANGUAGE_STANDARD = gnu11;
				GCC_DYNAMIC_NO_PIC = NO;
				GCC_NO_COMMON_BLOCKS = YES;
				GCC_OPTIMIZATION_LEVEL = 0;
				GCC_PREPROCESSOR_DEFINITIONS = (
					"DEBUG=1",
					"$(inherited)",
				);
				GCC_WARN_64_TO_32_BIT_CONVERSION = YES;
				GCC_WARN_ABOUT_RETURN_TYPE = YES_ERROR;
				GCC_WARN_UNDECLARED_SELECTOR = YES;
				GCC_WARN_UNINITIALIZED_AUTOS = YES_AGGRESSIVE;
				GCC_WARN_UNUSED_FUNCTION = YES;
				GCC_WARN_UNUSED_VARIABLE = YES;
				IPHONEOS_DEPLOYMENT_TARGET = 16.0;
				MTL_ENABLE_DEBUG_INFO = INCLUDE_SOURCE;
				MTL_FAST_MATH = YES;
				ONLY_ACTIVE_ARCH = YES;
				SDKROOT = iphoneos;
				SWIFT_ACTIVE_COMPILATION_CONDITIONS = DEBUG;
				SWIFT_OPTIMIZATION_LEVEL = "-Onone";
			};
			name = Debug;
		};
		9E200A0C29401D38008D2934 /* Release */ = {
			isa = XCBuildConfiguration;
			buildSettings = {
				ALWAYS_SEARCH_USER_PATHS = NO;
				CLANG_ANALYZER_NONNULL = YES;
				CLANG_ANALYZER_NUMBER_OBJECT_CONVERSION = YES_AGGRESSIVE;
				CLANG_CXX_LANGUAGE_STANDARD = "gnu++20";
				CLANG_ENABLE_MODULES = YES;
				CLANG_ENABLE_OBJC_ARC = YES;
				CLANG_ENABLE_OBJC_WEAK = YES;
				CLANG_WARN_BLOCK_CAPTURE_AUTORELEASING = YES;
				CLANG_WARN_BOOL_CONVERSION = YES;
				CLANG_WARN_COMMA = YES;
				CLANG_WARN_CONSTANT_CONVERSION = YES;
				CLANG_WARN_DEPRECATED_OBJC_IMPLEMENTATIONS = YES;
				CLANG_WARN_DIRECT_OBJC_ISA_USAGE = YES_ERROR;
				CLANG_WARN_DOCUMENTATION_COMMENTS = YES;
				CLANG_WARN_EMPTY_BODY = YES;
				CLANG_WARN_ENUM_CONVERSION = YES;
				CLANG_WARN_INFINITE_RECURSION = YES;
				CLANG_WARN_INT_CONVERSION = YES;
				CLANG_WARN_NON_LITERAL_NULL_CONVERSION = YES;
				CLANG_WARN_OBJC_IMPLICIT_RETAIN_SELF = YES;
				CLANG_WARN_OBJC_LITERAL_CONVERSION = YES;
				CLANG_WARN_OBJC_ROOT_CLASS = YES_ERROR;
				CLANG_WARN_QUOTED_INCLUDE_IN_FRAMEWORK_HEADER = YES;
				CLANG_WARN_RANGE_LOOP_ANALYSIS = YES;
				CLANG_WARN_STRICT_PROTOTYPES = YES;
				CLANG_WARN_SUSPICIOUS_MOVE = YES;
				CLANG_WARN_UNGUARDED_AVAILABILITY = YES_AGGRESSIVE;
				CLANG_WARN_UNREACHABLE_CODE = YES;
				CLANG_WARN__DUPLICATE_METHOD_MATCH = YES;
				COPY_PHASE_STRIP = NO;
				DEBUG_INFORMATION_FORMAT = "dwarf-with-dsym";
				ENABLE_NS_ASSERTIONS = NO;
				ENABLE_STRICT_OBJC_MSGSEND = YES;
				GCC_C_LANGUAGE_STANDARD = gnu11;
				GCC_NO_COMMON_BLOCKS = YES;
				GCC_WARN_64_TO_32_BIT_CONVERSION = YES;
				GCC_WARN_ABOUT_RETURN_TYPE = YES_ERROR;
				GCC_WARN_UNDECLARED_SELECTOR = YES;
				GCC_WARN_UNINITIALIZED_AUTOS = YES_AGGRESSIVE;
				GCC_WARN_UNUSED_FUNCTION = YES;
				GCC_WARN_UNUSED_VARIABLE = YES;
				IPHONEOS_DEPLOYMENT_TARGET = 16.0;
				MTL_ENABLE_DEBUG_INFO = NO;
				MTL_FAST_MATH = YES;
				SDKROOT = iphoneos;
				SWIFT_COMPILATION_MODE = wholemodule;
				SWIFT_OPTIMIZATION_LEVEL = "-O";
				VALIDATE_PRODUCT = YES;
			};
			name = Release;
		};
		9E200A0E29401D38008D2934 /* Debug */ = {
			isa = XCBuildConfiguration;
			buildSettings = {
				ASSETCATALOG_COMPILER_APPICON_NAME = AppIcon;
				ASSETCATALOG_COMPILER_GLOBAL_ACCENT_COLOR_NAME = AccentColor;
				CODE_SIGN_STYLE = Automatic;
				CURRENT_PROJECT_VERSION = 1;
				DEVELOPMENT_ASSET_PATHS = "\"LostAndFound/Preview Content\"";
				DEVELOPMENT_TEAM = 59A5P3H4UH;
				ENABLE_PREVIEWS = YES;
				GENERATE_INFOPLIST_FILE = YES;
				INFOPLIST_FILE = LostAndFound/Info.plist;
				INFOPLIST_KEY_CFBundleDisplayName = LostNFound;
				INFOPLIST_KEY_UIApplicationSceneManifest_Generation = YES;
				INFOPLIST_KEY_UIApplicationSupportsIndirectInputEvents = YES;
				INFOPLIST_KEY_UISupportedInterfaceOrientations_iPad = "UIInterfaceOrientationPortrait UIInterfaceOrientationPortraitUpsideDown UIInterfaceOrientationLandscapeLeft UIInterfaceOrientationLandscapeRight";
				INFOPLIST_KEY_UISupportedInterfaceOrientations_iPhone = "UIInterfaceOrientationPortrait UIInterfaceOrientationLandscapeLeft UIInterfaceOrientationLandscapeRight";
				LD_RUNPATH_SEARCH_PATHS = (
					"$(inherited)",
					"@executable_path/Frameworks",
				);
				MARKETING_VERSION = 1.0;
				PRODUCT_BUNDLE_IDENTIFIER = com.remi.LostAndFound;
				PRODUCT_NAME = "$(TARGET_NAME)";
				SWIFT_EMIT_LOC_STRINGS = YES;
				SWIFT_VERSION = 5.0;
				TARGETED_DEVICE_FAMILY = "1,2";
			};
			name = Debug;
		};
		9E200A0F29401D38008D2934 /* Release */ = {
			isa = XCBuildConfiguration;
			buildSettings = {
				ASSETCATALOG_COMPILER_APPICON_NAME = AppIcon;
				ASSETCATALOG_COMPILER_GLOBAL_ACCENT_COLOR_NAME = AccentColor;
				CODE_SIGN_STYLE = Automatic;
				CURRENT_PROJECT_VERSION = 1;
				DEVELOPMENT_ASSET_PATHS = "\"LostAndFound/Preview Content\"";
				DEVELOPMENT_TEAM = 59A5P3H4UH;
				ENABLE_PREVIEWS = YES;
				GENERATE_INFOPLIST_FILE = YES;
				INFOPLIST_FILE = LostAndFound/Info.plist;
				INFOPLIST_KEY_CFBundleDisplayName = LostNFound;
				INFOPLIST_KEY_UIApplicationSceneManifest_Generation = YES;
				INFOPLIST_KEY_UIApplicationSupportsIndirectInputEvents = YES;
				INFOPLIST_KEY_UISupportedInterfaceOrientations_iPad = "UIInterfaceOrientationPortrait UIInterfaceOrientationPortraitUpsideDown UIInterfaceOrientationLandscapeLeft UIInterfaceOrientationLandscapeRight";
				INFOPLIST_KEY_UISupportedInterfaceOrientations_iPhone = "UIInterfaceOrientationPortrait UIInterfaceOrientationLandscapeLeft UIInterfaceOrientationLandscapeRight";
				LD_RUNPATH_SEARCH_PATHS = (
					"$(inherited)",
					"@executable_path/Frameworks",
				);
				MARKETING_VERSION = 1.0;
				PRODUCT_BUNDLE_IDENTIFIER = com.remi.LostAndFound;
				PRODUCT_NAME = "$(TARGET_NAME)";
				SWIFT_EMIT_LOC_STRINGS = YES;
				SWIFT_VERSION = 5.0;
				TARGETED_DEVICE_FAMILY = "1,2";
			};
			name = Release;
		};
/* End XCBuildConfiguration section */

/* Begin XCConfigurationList section */
		9E2009FA29401D37008D2934 /* Build configuration list for PBXProject "LostAndFound" */ = {
			isa = XCConfigurationList;
			buildConfigurations = (
				9E200A0B29401D38008D2934 /* Debug */,
				9E200A0C29401D38008D2934 /* Release */,
			);
			defaultConfigurationIsVisible = 0;
			defaultConfigurationName = Release;
		};
		9E200A0D29401D38008D2934 /* Build configuration list for PBXNativeTarget "LostAndFound" */ = {
			isa = XCConfigurationList;
			buildConfigurations = (
				9E200A0E29401D38008D2934 /* Debug */,
				9E200A0F29401D38008D2934 /* Release */,
			);
			defaultConfigurationIsVisible = 0;
			defaultConfigurationName = Release;
		};
/* End XCConfigurationList section */

/* Begin XCRemoteSwiftPackageReference section */
		9EA7809829418E2F00D49E50 /* XCRemoteSwiftPackageReference "firebase-ios-sdk" */ = {
			isa = XCRemoteSwiftPackageReference;
			repositoryURL = "https://github.com/firebase/firebase-ios-sdk.git";
			requirement = {
				branch = master;
				kind = branch;
			};
		};
/* End XCRemoteSwiftPackageReference section */

/* Begin XCSwiftPackageProductDependency section */
		9EA7809929418E2F00D49E50 /* FirebaseAuth */ = {
			isa = XCSwiftPackageProductDependency;
			package = 9EA7809829418E2F00D49E50 /* XCRemoteSwiftPackageReference "firebase-ios-sdk" */;
			productName = FirebaseAuth;
		};
		9EA7809B29418E2F00D49E50 /* FirebaseFirestore */ = {
			isa = XCSwiftPackageProductDependency;
			package = 9EA7809829418E2F00D49E50 /* XCRemoteSwiftPackageReference "firebase-ios-sdk" */;
			productName = FirebaseFirestore;
		};
		9EA7809D29418E2F00D49E50 /* FirebaseFirestoreSwift */ = {
			isa = XCSwiftPackageProductDependency;
			package = 9EA7809829418E2F00D49E50 /* XCRemoteSwiftPackageReference "firebase-ios-sdk" */;
			productName = FirebaseFirestoreSwift;
		};
		9EA7809F29418E2F00D49E50 /* FirebaseStorage */ = {
			isa = XCSwiftPackageProductDependency;
			package = 9EA7809829418E2F00D49E50 /* XCRemoteSwiftPackageReference "firebase-ios-sdk" */;
			productName = FirebaseStorage;
		};
/* End XCSwiftPackageProductDependency section */
	};
	rootObject = 9E2009F729401D37008D2934 /* Project object */;
}
